
Microsoft Visual Studio Solution File, Format Version 12.00
# Visual Studio Version 16
VisualStudioVersion = 16.0.30104.148
MinimumVisualStudioVersion = 10.0.40219.1
Project("{FAE04EC0-301F-11D3-BF4B-00C04F79EFBC}") = "WebApplicationMongoDb", "WebApplicationMongoDb\WebApplicationMongoDb.csproj", "{44755736-9F96-4265-8E5C-C1CC4FCF244B}"
EndProject
Global
	GlobalSection(SolutionConfigurationPlatforms) = preSolution
		Debug|Any CPU = Debug|Any CPU
		Release|Any CPU = Release|Any CPU
	EndGlobalSection
	GlobalSection(ProjectConfigurationPlatforms) = postSolution
		{44755736-9F96-4265-8E5C-C1CC4FCF244B}.Debug|Any CPU.ActiveCfg = Debug|Any CPU
		{44755736-9F96-4265-8E5C-C1CC4FCF244B}.Debug|Any CPU.Build.0 = Debug|Any CPU
		{44755736-9F96-4265-8E5C-C1CC4FCF244B}.Release|Any CPU.ActiveCfg = Release|Any CPU
		{44755736-9F96-4265-8E5C-C1CC4FCF244B}.Release|Any CPU.Build.0 = Release|Any CPU
	EndGlobalSection
	GlobalSection(SolutionProperties) = preSolution
		HideSolutionNode = FALSE
	EndGlobalSection
	GlobalSection(ExtensibilityGlobals) = postSolution
		SolutionGuid = {52DE40BE-9A23-45EE-AF19-FF0218DE3D77}
	EndGlobalSection
EndGlobal
